// !$*UTF8*$!
{
	archiveVersion = 1;
	classes = {
	};
	objectVersion = 46;
	objects = {

/* Begin PBXBuildFile section */
		6A786B941AD502DB00D72F42 /* main.m in Sources */ = {isa = PBXBuildFile; fileRef = 6A786B931AD502DB00D72F42 /* main.m */; };
		6A786B971AD502DB00D72F42 /* AppDelegate.m in Sources */ = {isa = PBXBuildFile; fileRef = 6A786B961AD502DB00D72F42 /* AppDelegate.m */; };
		6A786B9F1AD502DB00D72F42 /* Images.xcassets in Resources */ = {isa = PBXBuildFile; fileRef = 6A786B9E1AD502DB00D72F42 /* Images.xcassets */; };
		6A786BA21AD502DB00D72F42 /* LaunchScreen.xib in Resources */ = {isa = PBXBuildFile; fileRef = 6A786BA01AD502DB00D72F42 /* LaunchScreen.xib */; };
		6A786BAE1AD502DB00D72F42 /* MGJTempStoreDemoTests.m in Sources */ = {isa = PBXBuildFile; fileRef = 6A786BAD1AD502DB00D72F42 /* MGJTempStoreDemoTests.m */; };
		6A786BBC1AD5050900D72F42 /* MGJTempStore.m in Sources */ = {isa = PBXBuildFile; fileRef = 6A786BBB1AD5050900D72F42 /* MGJTempStore.m */; };
		6A786BC11AD5079200D72F42 /* DemoListViewController.m in Sources */ = {isa = PBXBuildFile; fileRef = 6A786BBE1AD5079200D72F42 /* DemoListViewController.m */; };
		6A786BC21AD5079200D72F42 /* DemoDetailViewController.m in Sources */ = {isa = PBXBuildFile; fileRef = 6A786BC01AD5079200D72F42 /* DemoDetailViewController.m */; };
/* End PBXBuildFile section */

/* Begin PBXContainerItemProxy section */
		6A786BA81AD502DB00D72F42 /* PBXContainerItemProxy */ = {
			isa = PBXContainerItemProxy;
			containerPortal = 6A786B861AD502DB00D72F42 /* Project object */;
			proxyType = 1;
			remoteGlobalIDString = 6A786B8D1AD502DB00D72F42;
			remoteInfo = MGJTempBatchStoreDemo;
		};
/* End PBXContainerItemProxy section */

/* Begin PBXFileReference section */
		6A786B8E1AD502DB00D72F42 /* MGJTempStoreDemo.app */ = {isa = PBXFileReference; explicitFileType = wrapper.application; includeInIndex = 0; path = MGJTempStoreDemo.app; sourceTree = BUILT_PRODUCTS_DIR; };
		6A786B921AD502DB00D72F42 /* Info.plist */ = {isa = PBXFileReference; lastKnownFileType = text.plist.xml; path = Info.plist; sourceTree = "<group>"; };
		6A786B931AD502DB00D72F42 /* main.m */ = {isa = PBXFileReference; lastKnownFileType = sourcecode.c.objc; path = main.m; sourceTree = "<group>"; };
		6A786B951AD502DB00D72F42 /* AppDelegate.h */ = {isa = PBXFileReference; lastKnownFileType = sourcecode.c.h; path = AppDelegate.h; sourceTree = "<group>"; };
		6A786B961AD502DB00D72F42 /* AppDelegate.m */ = {isa = PBXFileReference; lastKnownFileType = sourcecode.c.objc; path = AppDelegate.m; sourceTree = "<group>"; };
		6A786B9E1AD502DB00D72F42 /* Images.xcassets */ = {isa = PBXFileReference; lastKnownFileType = folder.assetcatalog; path = Images.xcassets; sourceTree = "<group>"; };
		6A786BA11AD502DB00D72F42 /* Base */ = {isa = PBXFileReference; lastKnownFileType = file.xib; name = Base; path = Base.lproj/LaunchScreen.xib; sourceTree = "<group>"; };
		6A786BA71AD502DB00D72F42 /* MGJTempStoreDemoTests.xctest */ = {isa = PBXFileReference; explicitFileType = wrapper.cfbundle; includeInIndex = 0; path = MGJTempStoreDemoTests.xctest; sourceTree = BUILT_PRODUCTS_DIR; };
		6A786BAC1AD502DB00D72F42 /* Info.plist */ = {isa = PBXFileReference; lastKnownFileType = text.plist.xml; path = Info.plist; sourceTree = "<group>"; };
		6A786BAD1AD502DB00D72F42 /* MGJTempStoreDemoTests.m */ = {isa = PBXFileReference; lastKnownFileType = sourcecode.c.objc; path = MGJTempStoreDemoTests.m; sourceTree = "<group>"; };
		6A786BBA1AD5050900D72F42 /* MGJTempStore.h */ = {isa = PBXFileReference; fileEncoding = 4; lastKnownFileType = sourcecode.c.h; path = MGJTempStore.h; sourceTree = "<group>"; };
		6A786BBB1AD5050900D72F42 /* MGJTempStore.m */ = {isa = PBXFileReference; fileEncoding = 4; lastKnownFileType = sourcecode.c.objc; path = MGJTempStore.m; sourceTree = "<group>"; };
		6A786BBD1AD5079200D72F42 /* DemoListViewController.h */ = {isa = PBXFileReference; fileEncoding = 4; lastKnownFileType = sourcecode.c.h; path = DemoListViewController.h; sourceTree = "<group>"; };
		6A786BBE1AD5079200D72F42 /* DemoListViewController.m */ = {isa = PBXFileReference; fileEncoding = 4; lastKnownFileType = sourcecode.c.objc; path = DemoListViewController.m; sourceTree = "<group>"; };
		6A786BBF1AD5079200D72F42 /* DemoDetailViewController.h */ = {isa = PBXFileReference; fileEncoding = 4; lastKnownFileType = sourcecode.c.h; path = DemoDetailViewController.h; sourceTree = "<group>"; };
		6A786BC01AD5079200D72F42 /* DemoDetailViewController.m */ = {isa = PBXFileReference; fileEncoding = 4; lastKnownFileType = sourcecode.c.objc; path = DemoDetailViewController.m; sourceTree = "<group>"; };
/* End PBXFileReference section */

/* Begin PBXFrameworksBuildPhase section */
		6A786B8B1AD502DB00D72F42 /* Frameworks */ = {
			isa = PBXFrameworksBuildPhase;
			buildActionMask = 2147483647;
			files = (
			);
			runOnlyForDeploymentPostprocessing = 0;
		};
		6A786BA41AD502DB00D72F42 /* Frameworks */ = {
			isa = PBXFrameworksBuildPhase;
			buildActionMask = 2147483647;
			files = (
			);
			runOnlyForDeploymentPostprocessing = 0;
		};
/* End PBXFrameworksBuildPhase section */

/* Begin PBXGroup section */
		6A786B851AD502DB00D72F42 = {
			isa = PBXGroup;
			children = (
				6A786BB91AD5050900D72F42 /* MGJTempStore */,
				6A786B901AD502DB00D72F42 /* MGJTempStoreDemo */,
				6A786BAA1AD502DB00D72F42 /* MGJTempStoreDemoTests */,
				6A786B8F1AD502DB00D72F42 /* Products */,
			);
			sourceTree = "<group>";
		};
		6A786B8F1AD502DB00D72F42 /* Products */ = {
			isa = PBXGroup;
			children = (
				6A786B8E1AD502DB00D72F42 /* MGJTempStoreDemo.app */,
				6A786BA71AD502DB00D72F42 /* MGJTempStoreDemoTests.xctest */,
			);
			name = Products;
			sourceTree = "<group>";
		};
		6A786B901AD502DB00D72F42 /* MGJTempStoreDemo */ = {
			isa = PBXGroup;
			children = (
				6A786B951AD502DB00D72F42 /* AppDelegate.h */,
				6A786B961AD502DB00D72F42 /* AppDelegate.m */,
				6A786BBD1AD5079200D72F42 /* DemoListViewController.h */,
				6A786BBE1AD5079200D72F42 /* DemoListViewController.m */,
				6A786BBF1AD5079200D72F42 /* DemoDetailViewController.h */,
				6A786BC01AD5079200D72F42 /* DemoDetailViewController.m */,
				6A786B9E1AD502DB00D72F42 /* Images.xcassets */,
				6A786BA01AD502DB00D72F42 /* LaunchScreen.xib */,
				6A786B911AD502DB00D72F42 /* Supporting Files */,
			);
			path = MGJTempStoreDemo;
			sourceTree = "<group>";
		};
		6A786B911AD502DB00D72F42 /* Supporting Files */ = {
			isa = PBXGroup;
			children = (
				6A786B921AD502DB00D72F42 /* Info.plist */,
				6A786B931AD502DB00D72F42 /* main.m */,
			);
			name = "Supporting Files";
			sourceTree = "<group>";
		};
		6A786BAA1AD502DB00D72F42 /* MGJTempStoreDemoTests */ = {
			isa = PBXGroup;
			children = (
				6A786BAD1AD502DB00D72F42 /* MGJTempStoreDemoTests.m */,
				6A786BAB1AD502DB00D72F42 /* Supporting Files */,
			);
			name = MGJTempStoreDemoTests;
			path = MGJTempBatchStoreDemoTests;
			sourceTree = "<group>";
		};
		6A786BAB1AD502DB00D72F42 /* Supporting Files */ = {
			isa = PBXGroup;
			children = (
				6A786BAC1AD502DB00D72F42 /* Info.plist */,
			);
			name = "Supporting Files";
			sourceTree = "<group>";
		};
		6A786BB91AD5050900D72F42 /* MGJTempStore */ = {
			isa = PBXGroup;
			children = (
				6A786BBA1AD5050900D72F42 /* MGJTempStore.h */,
				6A786BBB1AD5050900D72F42 /* MGJTempStore.m */,
			);
			name = MGJTempStore;
			path = ../MGJTempStore;
			sourceTree = "<group>";
		};
/* End PBXGroup section */

/* Begin PBXNativeTarget section */
		6A786B8D1AD502DB00D72F42 /* MGJTempStoreDemo */ = {
			isa = PBXNativeTarget;
			buildConfigurationList = 6A786BB11AD502DB00D72F42 /* Build configuration list for PBXNativeTarget "MGJTempStoreDemo" */;
			buildPhases = (
				6A786B8A1AD502DB00D72F42 /* Sources */,
				6A786B8B1AD502DB00D72F42 /* Frameworks */,
				6A786B8C1AD502DB00D72F42 /* Resources */,
			);
			buildRules = (
			);
			dependencies = (
			);
			name = MGJTempStoreDemo;
			productName = MGJTempBatchStoreDemo;
			productReference = 6A786B8E1AD502DB00D72F42 /* MGJTempStoreDemo.app */;
			productType = "com.apple.product-type.application";
		};
		6A786BA61AD502DB00D72F42 /* MGJTempStoreDemoTests */ = {
			isa = PBXNativeTarget;
			buildConfigurationList = 6A786BB41AD502DB00D72F42 /* Build configuration list for PBXNativeTarget "MGJTempStoreDemoTests" */;
			buildPhases = (
				6A786BA31AD502DB00D72F42 /* Sources */,
				6A786BA41AD502DB00D72F42 /* Frameworks */,
				6A786BA51AD502DB00D72F42 /* Resources */,
			);
			buildRules = (
			);
			dependencies = (
				6A786BA91AD502DB00D72F42 /* PBXTargetDependency */,
			);
			name = MGJTempStoreDemoTests;
			productName = MGJTempBatchStoreDemoTests;
			productReference = 6A786BA71AD502DB00D72F42 /* MGJTempStoreDemoTests.xctest */;
			productType = "com.apple.product-type.bundle.unit-test";
		};
/* End PBXNativeTarget section */

/* Begin PBXProject section */
		6A786B861AD502DB00D72F42 /* Project object */ = {
			isa = PBXProject;
			attributes = {
				LastUpgradeCheck = 0620;
				ORGANIZATIONNAME = juangua;
				TargetAttributes = {
					6A786B8D1AD502DB00D72F42 = {
						CreatedOnToolsVersion = 6.2;
					};
					6A786BA61AD502DB00D72F42 = {
						CreatedOnToolsVersion = 6.2;
						TestTargetID = 6A786B8D1AD502DB00D72F42;
					};
				};
			};
			buildConfigurationList = 6A786B891AD502DB00D72F42 /* Build configuration list for PBXProject "MGJTempStoreDemo" */;
			compatibilityVersion = "Xcode 3.2";
			developmentRegion = English;
			hasScannedForEncodings = 0;
			knownRegions = (
				en,
				Base,
			);
			mainGroup = 6A786B851AD502DB00D72F42;
			productRefGroup = 6A786B8F1AD502DB00D72F42 /* Products */;
			projectDirPath = "";
			projectRoot = "";
			targets = (
				6A786B8D1AD502DB00D72F42 /* MGJTempStoreDemo */,
				6A786BA61AD502DB00D72F42 /* MGJTempStoreDemoTests */,
			);
		};
/* End PBXProject section */

/* Begin PBXResourcesBuildPhase section */
		6A786B8C1AD502DB00D72F42 /* Resources */ = {
			isa = PBXResourcesBuildPhase;
			buildActionMask = 2147483647;
			files = (
				6A786BA21AD502DB00D72F42 /* LaunchScreen.xib in Resources */,
				6A786B9F1AD502DB00D72F42 /* Images.xcassets in Resources */,
			);
			runOnlyForDeploymentPostprocessing = 0;
		};
		6A786BA51AD502DB00D72F42 /* Resources */ = {
			isa = PBXResourcesBuildPhase;
			buildActionMask = 2147483647;
			files = (
			);
			runOnlyForDeploymentPostprocessing = 0;
		};
/* End PBXResourcesBuildPhase section */

/* Begin PBXSourcesBuildPhase section */
		6A786B8A1AD502DB00D72F42 /* Sources */ = {
			isa = PBXSourcesBuildPhase;
			buildActionMask = 2147483647;
			files = (
				6A786BC11AD5079200D72F42 /* DemoListViewController.m in Sources */,
				6A786BBC1AD5050900D72F42 /* MGJTempStore.m in Sources */,
				6A786B971AD502DB00D72F42 /* AppDelegate.m in Sources */,
				6A786BC21AD5079200D72F42 /* DemoDetailViewController.m in Sources */,
				6A786B941AD502DB00D72F42 /* main.m in Sources */,
			);
			runOnlyForDeploymentPostprocessing = 0;
		};
		6A786BA31AD502DB00D72F42 /* Sources */ = {
			isa = PBXSourcesBuildPhase;
			buildActionMask = 2147483647;
			files = (
				6A786BAE1AD502DB00D72F42 /* MGJTempStoreDemoTests.m in Sources */,
			);
			runOnlyForDeploymentPostprocessing = 0;
		};
/* End PBXSourcesBuildPhase section */

/* Begin PBXTargetDependency section */
		6A786BA91AD502DB00D72F42 /* PBXTargetDependency */ = {
			isa = PBXTargetDependency;
			target = 6A786B8D1AD502DB00D72F42 /* MGJTempStoreDemo */;
			targetProxy = 6A786BA81AD502DB00D72F42 /* PBXContainerItemProxy */;
		};
/* End PBXTargetDependency section */

/* Begin PBXVariantGroup section */
		6A786BA01AD502DB00D72F42 /* LaunchScreen.xib */ = {
			isa = PBXVariantGroup;
			children = (
				6A786BA11AD502DB00D72F42 /* Base */,
			);
			name = LaunchScreen.xib;
			sourceTree = "<group>";
		};
/* End PBXVariantGroup section */

/* Begin XCBuildConfiguration section */
		6A786BAF1AD502DB00D72F42 /* Debug */ = {
			isa = XCBuildConfiguration;
			buildSettings = {
				ALWAYS_SEARCH_USER_PATHS = NO;
				CLANG_CXX_LANGUAGE_STANDARD = "gnu++0x";
				CLANG_CXX_LIBRARY = "libc++";
				CLANG_ENABLE_MODULES = YES;
				CLANG_ENABLE_OBJC_ARC = YES;
				CLANG_WARN_BOOL_CONVERSION = YES;
				CLANG_WARN_CONSTANT_CONVERSION = YES;
				CLANG_WARN_DIRECT_OBJC_ISA_USAGE = YES_ERROR;
				CLANG_WARN_EMPTY_BODY = YES;
				CLANG_WARN_ENUM_CONVERSION = YES;
				CLANG_WARN_INT_CONVERSION = YES;
				CLANG_WARN_OBJC_ROOT_CLASS = YES_ERROR;
				CLANG_WARN_UNREACHABLE_CODE = YES;
				CLANG_WARN__DUPLICATE_METHOD_MATCH = YES;
				"CODE_SIGN_IDENTITY[sdk=iphoneos*]" = "iPhone Developer";
				COPY_PHASE_STRIP = NO;
				ENABLE_STRICT_OBJC_MSGSEND = YES;
				GCC_C_LANGUAGE_STANDARD = gnu99;
				GCC_DYNAMIC_NO_PIC = NO;
				GCC_OPTIMIZATION_LEVEL = 0;
				GCC_PREPROCESSOR_DEFINITIONS = (
					"DEBUG=1",
					"$(inherited)",
				);
				GCC_SYMBOLS_PRIVATE_EXTERN = NO;
				GCC_WARN_64_TO_32_BIT_CONVERSION = YES;
				GCC_WARN_ABOUT_RETURN_TYPE = YES_ERROR;
				GCC_WARN_UNDECLARED_SELECTOR = YES;
				GCC_WARN_UNINITIALIZED_AUTOS = YES_AGGRESSIVE;
				GCC_WARN_UNUSED_FUNCTION = YES;
				GCC_WARN_UNUSED_VARIABLE = YES;
				IPHONEOS_DEPLOYMENT_TARGET = 8.2;
				MTL_ENABLE_DEBUG_INFO = YES;
				ONLY_ACTIVE_ARCH = YES;
				SDKROOT = iphoneos;
			};
			name = Debug;
		};
		6A786BB01AD502DB00D72F42 /* Release */ = {
			isa = XCBuildConfiguration;
			buildSettings = {
				ALWAYS_SEARCH_USER_PATHS = NO;
				CLANG_CXX_LANGUAGE_STANDARD = "gnu++0x";
				CLANG_CXX_LIBRARY = "libc++";
				CLANG_ENABLE_MODULES = YES;
				CLANG_ENABLE_OBJC_ARC = YES;
				CLANG_WARN_BOOL_CONVERSION = YES;
				CLANG_WARN_CONSTANT_CONVERSION = YES;
				CLANG_WARN_DIRECT_OBJC_ISA_USAGE = YES_ERROR;
				CLANG_WARN_EMPTY_BODY = YES;
				CLANG_WARN_ENUM_CONVERSION = YES;
				CLANG_WARN_INT_CONVERSION = YES;
				CLANG_WARN_OBJC_ROOT_CLASS = YES_ERROR;
				CLANG_WARN_UNREACHABLE_CODE = YES;
				CLANG_WARN__DUPLICATE_METHOD_MATCH = YES;
				"CODE_SIGN_IDENTITY[sdk=iphoneos*]" = "iPhone Developer";
				COPY_PHASE_STRIP = NO;
				ENABLE_NS_ASSERTIONS = NO;
				ENABLE_STRICT_OBJC_MSGSEND = YES;
				GCC_C_LANGUAGE_STANDARD = gnu99;
				GCC_WARN_64_TO_32_BIT_CONVERSION = YES;
				GCC_WARN_ABOUT_RETURN_TYPE = YES_ERROR;
				GCC_WARN_UNDECLARED_SELECTOR = YES;
				GCC_WARN_UNINITIALIZED_AUTOS = YES_AGGRESSIVE;
				GCC_WARN_UNUSED_FUNCTION = YES;
				GCC_WARN_UNUSED_VARIABLE = YES;
				IPHONEOS_DEPLOYMENT_TARGET = 8.2;
				MTL_ENABLE_DEBUG_INFO = NO;
				SDKROOT = iphoneos;
				VALIDATE_PRODUCT = YES;
			};
			name = Release;
		};
		6A786BB21AD502DB00D72F42 /* Debug */ = {
			isa = XCBuildConfiguration;
			buildSettings = {
				ASSETCATALOG_COMPILER_APPICON_NAME = AppIcon;
				INFOPLIST_FILE = MGJTempStoreDemo/Info.plist;
				LD_RUNPATH_SEARCH_PATHS = "$(inherited) @executable_path/Frameworks";
				PRODUCT_NAME = "$(TARGET_NAME)";
			};
			name = Debug;
		};
		6A786BB31AD502DB00D72F42 /* Release */ = {
			isa = XCBuildConfiguration;
			buildSettings = {
				ASSETCATALOG_COMPILER_APPICON_NAME = AppIcon;
				INFOPLIST_FILE = MGJTempStoreDemo/Info.plist;
				LD_RUNPATH_SEARCH_PATHS = "$(inherited) @executable_path/Frameworks";
				PRODUCT_NAME = "$(TARGET_NAME)";
			};
			name = Release;
		};
		6A786BB51AD502DB00D72F42 /* Debug */ = {
			isa = XCBuildConfiguration;
			buildSettings = {
				BUNDLE_LOADER = "$(TEST_HOST)";
				FRAMEWORK_SEARCH_PATHS = (
					"$(SDKROOT)/Developer/Library/Frameworks",
					"$(inherited)",
				);
				GCC_PREPROCESSOR_DEFINITIONS = (
					"DEBUG=1",
					"$(inherited)",
				);
				INFOPLIST_FILE = MGJTempStoreDemoTests/Info.plist;
				LD_RUNPATH_SEARCH_PATHS = "$(inherited) @executable_path/Frameworks @loader_path/Frameworks";
				PRODUCT_NAME = "$(TARGET_NAME)";
				TEST_HOST = "$(BUILT_PRODUCTS_DIR)/MGJTempBatchStoreDemo.app/MGJTempBatchStoreDemo";
			};
			name = Debug;
		};
		6A786BB61AD502DB00D72F42 /* Release */ = {
			isa = XCBuildConfiguration;
			buildSettings = {
				BUNDLE_LOADER = "$(TEST_HOST)";
				FRAMEWORK_SEARCH_PATHS = (
					"$(SDKROOT)/Developer/Library/Frameworks",
					"$(inherited)",
				);
				INFOPLIST_FILE = MGJTempStoreDemoTests/Info.plist;
				LD_RUNPATH_SEARCH_PATHS = "$(inherited) @executable_path/Frameworks @loader_path/Frameworks";
				PRODUCT_NAME = "$(TARGET_NAME)";
				TEST_HOST = "$(BUILT_PRODUCTS_DIR)/MGJTempBatchStoreDemo.app/MGJTempBatchStoreDemo";
			};
			name = Release;
		};
/* End XCBuildConfiguration section */

/* Begin XCConfigurationList section */
		6A786B891AD502DB00D72F42 /* Build configuration list for PBXProject "MGJTempStoreDemo" */ = {
			isa = XCConfigurationList;
			buildConfigurations = (
				6A786BAF1AD502DB00D72F42 /* Debug */,
				6A786BB01AD502DB00D72F42 /* Release */,
			);
			defaultConfigurationIsVisible = 0;
			defaultConfigurationName = Release;
		};
		6A786BB11AD502DB00D72F42 /* Build configuration list for PBXNativeTarget "MGJTempStoreDemo" */ = {
			isa = XCConfigurationList;
			buildConfigurations = (
				6A786BB21AD502DB00D72F42 /* Debug */,
				6A786BB31AD502DB00D72F42 /* Release */,
			);
			defaultConfigurationIsVisible = 0;
			defaultConfigurationName = Release;
		};
		6A786BB41AD502DB00D72F42 /* Build configuration list for PBXNativeTarget "MGJTempStoreDemoTests" */ = {
			isa = XCConfigurationList;
			buildConfigurations = (
				6A786BB51AD502DB00D72F42 /* Debug */,
				6A786BB61AD502DB00D72F42 /* Release */,
			);
			defaultConfigurationIsVisible = 0;
			defaultConfigurationName = Release;
		};
/* End XCConfigurationList section */
	};
	rootObject = 6A786B861AD502DB00D72F42 /* Project object */;
}
